// !$*UTF8*$!
{
	archiveVersion = 1;
	classes = {
	};
	objectVersion = 60;
	objects = {

/* Begin PBXBuildFile section */
		A1000001 /* SiriToggleApp.swift in Sources */ = {isa = PBXBuildFile; fileRef = A2000001 /* SiriToggleApp.swift */; };
		A1000002 /* ContentView.swift in Sources */ = {isa = PBXBuildFile; fileRef = A2000002 /* ContentView.swift */; };
		A1000003 /* ToggleCardView.swift in Sources */ = {isa = PBXBuildFile; fileRef = A2000003 /* ToggleCardView.swift */; };
		A1000004 /* InfoSheetView.swift in Sources */ = {isa = PBXBuildFile; fileRef = A2000004 /* InfoSheetView.swift */; };
		A1000005 /* PairingFileManager.swift in Sources */ = {isa = PBXBuildFile; fileRef = A2000005 /* PairingFileManager.swift */; };
		A1000006 /* MinimuxerBridge.swift in Sources */ = {isa = PBXBuildFile; fileRef = A2000006 /* MinimuxerBridge.swift */; };
		A1000007 /* BookRestoreEngine.swift in Sources */ = {isa = PBXBuildFile; fileRef = A2000007 /* BookRestoreEngine.swift */; };
		A1000008 /* PlistPayloadBuilder.swift in Sources */ = {isa = PBXBuildFile; fileRef = A2000008 /* PlistPayloadBuilder.swift */; };
		A1000009 /* BackupManifestBuilder.swift in Sources */ = {isa = PBXBuildFile; fileRef = A2000009 /* BackupManifestBuilder.swift */; };
		A100000A /* Assets.xcassets in Resources */ = {isa = PBXBuildFile; fileRef = A200000A /* Assets.xcassets */; };
		A100000B /* RestoreStrategy.swift in Sources */ = {isa = PBXBuildFile; fileRef = A2000011 /* RestoreStrategy.swift */; };
		A100000C /* PureSwiftRestoreStrategy.swift in Sources */ = {isa = PBXBuildFile; fileRef = A2000012 /* PureSwiftRestoreStrategy.swift */; };
		A100000D /* LibIMDRestoreStrategy.swift in Sources */ = {isa = PBXBuildFile; fileRef = A200000D /* LibIMDRestoreStrategy.swift */; };
		A100000E /* PythonBridgeRestoreStrategy.swift in Sources */ = {isa = PBXBuildFile; fileRef = A200000E /* PythonBridgeRestoreStrategy.swift */; };
		A100000F /* StrategyPickerView.swift in Sources */ = {isa = PBXBuildFile; fileRef = A200000F /* StrategyPickerView.swift */; };
		A1000010 /* restore_via_python.py in Resources */ = {isa = PBXBuildFile; fileRef = A2000010 /* restore_via_python.py */; };
/* End PBXBuildFile section */

/* Begin PBXFileReference section */
		A2000001 /* SiriToggleApp.swift */ = {isa = PBXFileReference; lastKnownFileType = sourcecode.swift; path = SiriToggleApp.swift; sourceTree = "<group>"; };
		A2000002 /* ContentView.swift */ = {isa = PBXFileReference; lastKnownFileType = sourcecode.swift; path = ContentView.swift; sourceTree = "<group>"; };
		A2000003 /* ToggleCardView.swift */ = {isa = PBXFileReference; lastKnownFileType = sourcecode.swift; path = ToggleCardView.swift; sourceTree = "<group>"; };
		A2000004 /* InfoSheetView.swift */ = {isa = PBXFileReference; lastKnownFileType = sourcecode.swift; path = InfoSheetView.swift; sourceTree = "<group>"; };
		A2000005 /* PairingFileManager.swift */ = {isa = PBXFileReference; lastKnownFileType = sourcecode.swift; path = PairingFileManager.swift; sourceTree = "<group>"; };
		A2000006 /* MinimuxerBridge.swift */ = {isa = PBXFileReference; lastKnownFileType = sourcecode.swift; path = MinimuxerBridge.swift; sourceTree = "<group>"; };
		A2000007 /* BookRestoreEngine.swift */ = {isa = PBXFileReference; lastKnownFileType = sourcecode.swift; path = BookRestoreEngine.swift; sourceTree = "<group>"; };
		A2000008 /* PlistPayloadBuilder.swift */ = {isa = PBXFileReference; lastKnownFileType = sourcecode.swift; path = PlistPayloadBuilder.swift; sourceTree = "<group>"; };
		A2000009 /* BackupManifestBuilder.swift */ = {isa = PBXFileReference; lastKnownFileType = sourcecode.swift; path = BackupManifestBuilder.swift; sourceTree = "<group>"; };
		A200000A /* Assets.xcassets */ = {isa = PBXFileReference; lastKnownFileType = folder.assetcatalog; path = Assets.xcassets; sourceTree = "<group>"; };
		A200000B /* Info.plist */ = {isa = PBXFileReference; lastKnownFileType = text.plist.xml; path = Info.plist; sourceTree = "<group>"; };
		A200000C /* SiriToggle-Bridging-Header.h */ = {isa = PBXFileReference; lastKnownFileType = sourcecode.c.h; path = "SiriToggle-Bridging-Header.h"; sourceTree = "<group>"; };
		A2000011 /* RestoreStrategy.swift */ = {isa = PBXFileReference; lastKnownFileType = sourcecode.swift; path = RestoreStrategy.swift; sourceTree = "<group>"; };
		A2000012 /* PureSwiftRestoreStrategy.swift */ = {isa = PBXFileReference; lastKnownFileType = sourcecode.swift; path = PureSwiftRestoreStrategy.swift; sourceTree = "<group>"; };
		A200000D /* LibIMDRestoreStrategy.swift */ = {isa = PBXFileReference; lastKnownFileType = sourcecode.swift; path = LibIMDRestoreStrategy.swift; sourceTree = "<group>"; };
		A200000E /* PythonBridgeRestoreStrategy.swift */ = {isa = PBXFileReference; lastKnownFileType = sourcecode.swift; path = PythonBridgeRestoreStrategy.swift; sourceTree = "<group>"; };
		A200000F /* StrategyPickerView.swift */ = {isa = PBXFileReference; lastKnownFileType = sourcecode.swift; path = StrategyPickerView.swift; sourceTree = "<group>"; };
		A2000010 /* restore_via_python.py */ = {isa = PBXFileReference; lastKnownFileType = text.script.python; path = restore_via_python.py; sourceTree = "<group>"; };
		A3000001 /* SiriToggle.app */ = {isa = PBXFileReference; explicitFileType = wrapper.application; includeInIndex = 0; path = SiriToggle.app; sourceTree = BUILT_PRODUCTS_DIR; };
/* End PBXFileReference section */

/* Begin PBXFrameworksBuildPhase section */
		A4000001 /* Frameworks */ = {
			isa = PBXFrameworksBuildPhase;
			buildActionMask = 2147483647;
			files = (
			);
			runOnlyForDeploymentPostprocessing = 0;
		};
/* End PBXFrameworksBuildPhase section */

/* Begin PBXGroup section */
		A5000001 /* SiriToggle */ = {
			isa = PBXGroup;
			children = (
				A5000002 /* App */,
				A5000003 /* Core */,
				A5000004 /* UI */,
				A5000007 /* Python */,
				A5000005 /* Resources */,
				A200000B /* Info.plist */,
				A200000C /* SiriToggle-Bridging-Header.h */,
			);
			path = SiriToggle;
			sourceTree = "<group>";
		};
		A5000002 /* App */ = {
			isa = PBXGroup;
			children = (
				A2000001 /* SiriToggleApp.swift */,
				A2000002 /* ContentView.swift */,
			);
			path = App;
			sourceTree = "<group>";
		};
		A5000003 /* Core */ = {
			isa = PBXGroup;
			children = (
				A2000011 /* RestoreStrategy.swift */,
				A2000005 /* PairingFileManager.swift */,
				A2000006 /* MinimuxerBridge.swift */,
				A2000007 /* BookRestoreEngine.swift */,
				A2000008 /* PlistPayloadBuilder.swift */,
				A2000009 /* BackupManifestBuilder.swift */,
				A2000012 /* PureSwiftRestoreStrategy.swift */,
				A200000D /* LibIMDRestoreStrategy.swift */,
				A200000E /* PythonBridgeRestoreStrategy.swift */,
			);
			path = Core;
			sourceTree = "<group>";
		};
		A5000004 /* UI */ = {
			isa = PBXGroup;
			children = (
				A2000003 /* ToggleCardView.swift */,
				A2000004 /* InfoSheetView.swift */,
				A200000F /* StrategyPickerView.swift */,
			);
			path = UI;
			sourceTree = "<group>";
		};
		A5000007 /* Python */ = {
			isa = PBXGroup;
			children = (
				A2000010 /* restore_via_python.py */,
			);
			path = Python;
			sourceTree = "<group>";
		};
		A5000005 /* Resources */ = {
			isa = PBXGroup;
			children = (
				A200000A /* Assets.xcassets */,
			);
			path = Resources;
			sourceTree = "<group>";
		};
		A5000006 /* Products */ = {
			isa = PBXGroup;
			children = (
				A3000001 /* SiriToggle.app */,
			);
			name = Products;
			sourceTree = "<group>";
		};
		A5000000 /* root */ = {
			isa = PBXGroup;
			children = (
				A5000001 /* SiriToggle */,
				A5000006 /* Products */,
			);
			sourceTree = "<group>";
		};
/* End PBXGroup section */

/* Begin PBXNativeTarget section */
		A6000001 /* SiriToggle */ = {
			isa = PBXNativeTarget;
			buildConfigurationList = A7000001 /* Build configuration list for PBXNativeTarget "SiriToggle" */;
			buildPhases = (
				A4000002 /* Sources */,
				A4000001 /* Frameworks */,
				A4000003 /* Resources */,
			);
			buildRules = (
			);
			dependencies = (
			);
			name = SiriToggle;
			productName = SiriToggle;
			productReference = A3000001 /* SiriToggle.app */;
			productType = "com.apple.product-type.application";
		};
/* End PBXNativeTarget section */

/* Begin PBXProject section */
		A8000001 /* Project object */ = {
			isa = PBXProject;
			attributes = {
				BuildIndependentTargetsInParallel = 1;
				LastSwiftUpdateCheck = 1600;
				LastUpgradeCheck = 1600;
				TargetAttributes = {
					A6000001 = {
						CreatedOnToolsVersion = 16.0;
					};
				};
			};
			buildConfigurationList = A7000002 /* Build configuration list for PBXProject "SiriToggle" */;
			compatibilityVersion = "Xcode 14.0";
			developmentRegion = en;
			hasScannedForEncodings = 0;
			knownRegions = (
				en,
				Base,
			);
			mainGroup = A5000000 /* root */;
			productRefGroup = A5000006 /* Products */;
			projectDirPath = "";
			projectRoot = "";
			targets = (
				A6000001 /* SiriToggle */,
			);
		};
/* End PBXProject section */

/* Begin PBXResourcesBuildPhase section */
		A4000003 /* Resources */ = {
			isa = PBXResourcesBuildPhase;
			buildActionMask = 2147483647;
			files = (
				A100000A /* Assets.xcassets in Resources */,
				A1000010 /* restore_via_python.py in Resources */,
			);
			runOnlyForDeploymentPostprocessing = 0;
		};
/* End PBXResourcesBuildPhase section */

/* Begin PBXSourcesBuildPhase section */
		A4000002 /* Sources */ = {
			isa = PBXSourcesBuildPhase;
			buildActionMask = 2147483647;
			files = (
				A1000001 /* SiriToggleApp.swift in Sources */,
				A1000002 /* ContentView.swift in Sources */,
				A1000003 /* ToggleCardView.swift in Sources */,
				A1000004 /* InfoSheetView.swift in Sources */,
				A1000005 /* PairingFileManager.swift in Sources */,
				A1000006 /* MinimuxerBridge.swift in Sources */,
				A1000007 /* BookRestoreEngine.swift in Sources */,
				A1000008 /* PlistPayloadBuilder.swift in Sources */,
				A1000009 /* BackupManifestBuilder.swift in Sources */,
				A100000B /* RestoreStrategy.swift in Sources */,
				A100000C /* PureSwiftRestoreStrategy.swift in Sources */,
				A100000D /* LibIMDRestoreStrategy.swift in Sources */,
				A100000E /* PythonBridgeRestoreStrategy.swift in Sources */,
				A100000F /* StrategyPickerView.swift in Sources */,
			);
			runOnlyForDeploymentPostprocessing = 0;
		};
/* End PBXSourcesBuildPhase section */

/* Begin XCBuildConfiguration section */
		A9000001 /* Debug */ = {
			isa = XCBuildConfiguration;
			buildSettings = {
				ALWAYS_SEARCH_USER_PATHS = NO;
				ASSETCATALOG_COMPILER_APPICON_NAME = AppIcon;
				ASSETCATALOG_COMPILER_GLOBAL_ACCENT_COLOR_NAME = AccentColor;
				CODE_SIGN_STYLE = Automatic;
				CURRENT_PROJECT_VERSION = 1;
				DEFINES_MODULE = YES;
				DEVELOPMENT_TEAM = "";
				ENABLE_PREVIEWS = YES;
				GENERATE_INFOPLIST_FILE = NO;
				INFOPLIST_FILE = SiriToggle/Info.plist;
				IPHONEOS_DEPLOYMENT_TARGET = 26.0;
				LD_RUNPATH_SEARCH_PATHS = (
					"$(inherited)",
					"@executable_path/Frameworks",
				);
				MARKETING_VERSION = 1.0;
				PRODUCT_BUNDLE_IDENTIFIER = com.bobbytatum999.siritoggle;
				PRODUCT_NAME = "$(TARGET_NAME)";
				SWIFT_EMIT_LOC_STRINGS = YES;
				SWIFT_OBJC_BRIDGING_HEADER = "SiriToggle/SiriToggle-Bridging-Header.h";
				SWIFT_VERSION = 5.0;
				TARGETED_DEVICE_FAMILY = 1;
			};
			name = Debug;
		};
		A9000002 /* Release */ = {
			isa = XCBuildConfiguration;
			buildSettings = {
				ALWAYS_SEARCH_USER_PATHS = NO;
				ASSETCATALOG_COMPILER_APPICON_NAME = AppIcon;
				ASSETCATALOG_COMPILER_GLOBAL_ACCENT_COLOR_NAME = AccentColor;
				CODE_SIGN_STYLE = Automatic;
				CURRENT_PROJECT_VERSION = 1;
				DEFINES_MODULE = YES;
				DEVELOPMENT_TEAM = "";
				ENABLE_PREVIEWS = YES;
				GENERATE_INFOPLIST_FILE = NO;
				INFOPLIST_FILE = SiriToggle/Info.plist;
				IPHONEOS_DEPLOYMENT_TARGET = 26.0;
				LD_RUNPATH_SEARCH_PATHS = (
					"$(inherited)",
					"@executable_path/Frameworks",
				);
				MARKETING_VERSION = 1.0;
				PRODUCT_BUNDLE_IDENTIFIER = com.bobbytatum999.siritoggle;
				PRODUCT_NAME = "$(TARGET_NAME)";
				SWIFT_EMIT_LOC_STRINGS = YES;
				SWIFT_OBJC_BRIDGING_HEADER = "SiriToggle/SiriToggle-Bridging-Header.h";
				SWIFT_VERSION = 5.0;
				TARGETED_DEVICE_FAMILY = 1;
				VALIDATE_PRODUCT = YES;
			};
			name = Release;
		};
		A9000003 /* Debug - Project */ = {
			isa = XCBuildConfiguration;
			buildSettings = {
				ALWAYS_SEARCH_USER_PATHS = NO;
				CLANG_ANALYZER_NONNULL = YES;
				CLANG_ANALYZER_NUMBER_OBJECT_CONVERSION = YES_AGGRESSIVE;
				CLANG_CXX_LANGUAGE_STANDARD = "gnu++20";
				CLANG_ENABLE_MODULES = YES;
				CLANG_ENABLE_OBJC_ARC = YES;
				CLANG_ENABLE_OBJC_WEAK = YES;
				CLANG_WARN_BLOCK_CAPTURE_AUTORELEASING = YES;
				CLANG_WARN_BOOL_CONVERSION = YES;
				CLANG_WARN_COMMA = YES;
				CLANG_WARN_CONSTANT_CONVERSION = YES;
				CLANG_WARN_DEPRECATED_OBJC_IMPLEMENTATIONS = YES;
				CLANG_WARN_DIRECT_OBJC_ISA_USAGE = YES_ERROR;
				CLANG_WARN_DOCUMENTATION_COMMENTS = YES;
				CLANG_WARN_EMPTY_BODY = YES;
				CLANG_WARN_ENUM_CONVERSION = YES;
				CLANG_WARN_INFINITE_RECURSION = YES;
				CLANG_WARN_INT_CONVERSION = YES;
				CLANG_WARN_NON_LITERAL_NULL_CONVERSION = YES;
				CLANG_WARN_OBJC_IMPLICIT_RETAIN_SELF = YES;
				CLANG_WARN_OBJC_LITERAL_CONVERSION = YES;
				CLANG_WARN_OBJC_ROOT_CLASS = YES_ERROR;
				CLANG_WARN_QUOTED_INCLUDE_IN_FRAMEWORK_HEADER = YES;
				CLANG_WARN_RANGE_LOOP_ANALYSIS = YES;
				CLANG_WARN_STRICT_PROTOTYPES = YES;
				CLANG_WARN_SUSPICIOUS_MOVE = YES;
				CLANG_WARN_UNGUARDED_AVAILABILITY = YES_AGGRESSIVE;
				CLANG_WARN_UNREACHABLE_CODE = YES;
				CLANG_WARN__DUPLICATE_METHOD_MATCH = YES;
				COPY_PHASE_STRIP = NO;
				DEBUG_INFORMATION_FORMAT = dwarf;
				ENABLE_STRICT_OBJC_MSGSEND = YES;
				ENABLE_TESTABILITY = YES;
				GCC_C_LANGUAGE_STANDARD = gnu17;
				GCC_DYNAMIC_NO_PIC = NO;
				GCC_NO_COMMON_BLOCKS = YES;
				GCC_OPTIMIZATION_LEVEL = 0;
				GCC_PREPROCESSOR_DEFINITIONS = (
					"DEBUG=1",
					"$(inherited)",
				);
				GCC_WARN_64_TO_32_BIT_CONVERSION = YES;
				GCC_WARN_ABOUT_RETURN_TYPE = YES_ERROR;
				GCC_WARN_UNDECLARED_SELECTOR = YES;
				GCC_WARN_UNINITIALIZED_AUTOS = YES_AGGRESSIVE;
				GCC_WARN_UNUSED_FUNCTION = YES;
				GCC_WARN_UNUSED_VARIABLE = YES;
				IPHONEOS_DEPLOYMENT_TARGET = 26.0;
				MTL_ENABLE_DEBUG_INFO = INCLUDE_SOURCE;
				MTL_FAST_MATH = YES;
				ONLY_ACTIVE_ARCH = YES;
				SDKROOT = iphoneos;
				SWIFT_ACTIVE_COMPILATION_CONDITIONS = DEBUG;
				SWIFT_OPTIMIZATION_LEVEL = "-Onone";
			};
			name = Debug;
		};
		A9000004 /* Release - Project */ = {
			isa = XCBuildConfiguration;
			buildSettings = {
				ALWAYS_SEARCH_USER_PATHS = NO;
				CLANG_ANALYZER_NONNULL = YES;
				CLANG_ANALYZER_NUMBER_OBJECT_CONVERSION = YES_AGGRESSIVE;
				CLANG_CXX_LANGUAGE_STANDARD = "gnu++20";
				CLANG_ENABLE_MODULES = YES;
				CLANG_ENABLE_OBJC_ARC = YES;
				CLANG_ENABLE_OBJC_WEAK = YES;
				CLANG_WARN_BLOCK_CAPTURE_AUTORELEASING = YES;
				CLANG_WARN_BOOL_CONVERSION = YES;
				CLANG_WARN_COMMA = YES;
				CLANG_WARN_CONSTANT_CONVERSION = YES;
				CLANG_WARN_DEPRECATED_OBJC_IMPLEMENTATIONS = YES;
				CLANG_WARN_DIRECT_OBJC_ISA_USAGE = YES_ERROR;
				CLANG_WARN_DOCUMENTATION_COMMENTS = YES;
				CLANG_WARN_EMPTY_BODY = YES;
				CLANG_WARN_ENUM_CONVERSION = YES;
				CLANG_WARN_INFINITE_RECURSION = YES;
				CLANG_WARN_INT_CONVERSION = YES;
				CLANG_WARN_NON_LITERAL_NULL_CONVERSION = YES;
				CLANG_WARN_OBJC_IMPLICIT_RETAIN_SELF = YES;
				CLANG_WARN_OBJC_LITERAL_CONVERSION = YES;
				CLANG_WARN_OBJC_ROOT_CLASS = YES_ERROR;
				CLANG_WARN_QUOTED_INCLUDE_IN_FRAMEWORK_HEADER = YES;
				CLANG_WARN_RANGE_LOOP_ANALYSIS = YES;
				CLANG_WARN_STRICT_PROTOTYPES = YES;
				CLANG_WARN_SUSPICIOUS_MOVE = YES;
				CLANG_WARN_UNGUARDED_AVAILABILITY = YES_AGGRESSIVE;
				CLANG_WARN_UNREACHABLE_CODE = YES;
				CLANG_WARN__DUPLICATE_METHOD_MATCH = YES;
				COPY_PHASE_STRIP = NO;
				DEBUG_INFORMATION_FORMAT = "dwarf-with-dsym";
				ENABLE_NS_ASSERTIONS = NO;
				ENABLE_STRICT_OBJC_MSGSEND = YES;
				GCC_C_LANGUAGE_STANDARD = gnu17;
				GCC_NO_COMMON_BLOCKS = YES;
				GCC_WARN_64_TO_32_BIT_CONVERSION = YES;
				GCC_WARN_ABOUT_RETURN_TYPE = YES_ERROR;
				GCC_WARN_UNDECLARED_SELECTOR = YES;
				GCC_WARN_UNINITIALIZED_AUTOS = YES_AGGRESSIVE;
				GCC_WARN_UNUSED_FUNCTION = YES;
				GCC_WARN_UNUSED_VARIABLE = YES;
				IPHONEOS_DEPLOYMENT_TARGET = 26.0;
				MTL_ENABLE_DEBUG_INFO = NO;
				MTL_FAST_MATH = YES;
				SDKROOT = iphoneos;
				SWIFT_COMPILATION_MODE = wholemodule;
				SWIFT_OPTIMIZATION_LEVEL = "-O";
				VALIDATE_PRODUCT = YES;
			};
			name = Release;
		};
/* End XCBuildConfiguration section */

/* Begin XCConfigurationList section */
		A7000001 /* Build configuration list for PBXNativeTarget "SiriToggle" */ = {
			isa = XCConfigurationList;
			buildConfigurations = (
				A9000001 /* Debug */,
				A9000002 /* Release */,
			);
			defaultConfigurationIsVisible = 0;
			defaultConfigurationName = Release;
		};
		A7000002 /* Build configuration list for PBXProject "SiriToggle" */ = {
			isa = XCConfigurationList;
			buildConfigurations = (
				A9000003 /* Debug */,
				A9000004 /* Release */,
			);
			defaultConfigurationIsVisible = 0;
			defaultConfigurationName = Release;
		};
/* End XCConfigurationList section */

	};
	rootObject = A8000001 /* Project object */;
}
